
Microsoft Visual Studio Solution File, Format Version 12.00
# Visual Studio 2013
VisualStudioVersion = 12.0.31101.0
MinimumVisualStudioVersion = 10.0.40219.1
Project("{FAE04EC0-301F-11D3-BF4B-00C04F79EFBC}") = "SPE.Store.Web", "SPE.Store.Web\SPE.Store.Web.csproj", "{9B62726B-BF97-4DB7-98A3-CC77BEBFB473}"
EndProject
Project("{FAE04EC0-301F-11D3-BF4B-00C04F79EFBC}") = "SPE.Store.Services", "SPE.Store.Services\SPE.Store.Services.csproj", "{99CED3EB-A0EE-46A0-81B3-336D3E76AF75}"
EndProject
Project("{FAE04EC0-301F-11D3-BF4B-00C04F79EFBC}") = "SPE.Store.Domain", "SPE.Store.Domain\SPE.Store.Domain.csproj", "{EFDA531C-F3BC-443C-A3E9-E0BF55BBB303}"
EndProject
Project("{FAE04EC0-301F-11D3-BF4B-00C04F79EFBC}") = "SPE.Store.Data.NHibernate", "SPE.Store.Data.NHibernate\SPE.Store.Data.NHibernate.csproj", "{22AF8083-DA3A-4452-A206-DE3130A7AC5F}"
EndProject
Project("{FAE04EC0-301F-11D3-BF4B-00C04F79EFBC}") = "SPE.Store.Data.NPoco", "SPE.Store.Data.NPoco\SPE.Store.Data.NPoco.csproj", "{478A154B-022E-4901-9C47-37B3685A6FB9}"
EndProject
Project("{FAE04EC0-301F-11D3-BF4B-00C04F79EFBC}") = "SPE.Store.Infrastructure", "SPE.Store.Infrastructure\SPE.Store.Infrastructure.csproj", "{15F44CD5-B386-4AFE-88B0-71446969AC80}"
EndProject
Project("{FAE04EC0-301F-11D3-BF4B-00C04F79EFBC}") = "SPE.Store.Infrastructure.Bootstrap", "SPE.Store.Infrastructure.Bootstrap\SPE.Store.Infrastructure.Bootstrap.csproj", "{292F1C54-EAD0-490F-BA53-31A0E274AD75}"
EndProject
Global
	GlobalSection(SolutionConfigurationPlatforms) = preSolution
		Debug|Any CPU = Debug|Any CPU
		Release|Any CPU = Release|Any CPU
	EndGlobalSection
	GlobalSection(ProjectConfigurationPlatforms) = postSolution
		{9B62726B-BF97-4DB7-98A3-CC77BEBFB473}.Debug|Any CPU.ActiveCfg = Debug|Any CPU
		{9B62726B-BF97-4DB7-98A3-CC77BEBFB473}.Debug|Any CPU.Build.0 = Debug|Any CPU
		{9B62726B-BF97-4DB7-98A3-CC77BEBFB473}.Release|Any CPU.ActiveCfg = Release|Any CPU
		{9B62726B-BF97-4DB7-98A3-CC77BEBFB473}.Release|Any CPU.Build.0 = Release|Any CPU
		{99CED3EB-A0EE-46A0-81B3-336D3E76AF75}.Debug|Any CPU.ActiveCfg = Debug|Any CPU
		{99CED3EB-A0EE-46A0-81B3-336D3E76AF75}.Debug|Any CPU.Build.0 = Debug|Any CPU
		{99CED3EB-A0EE-46A0-81B3-336D3E76AF75}.Release|Any CPU.ActiveCfg = Release|Any CPU
		{99CED3EB-A0EE-46A0-81B3-336D3E76AF75}.Release|Any CPU.Build.0 = Release|Any CPU
		{EFDA531C-F3BC-443C-A3E9-E0BF55BBB303}.Debug|Any CPU.ActiveCfg = Debug|Any CPU
		{EFDA531C-F3BC-443C-A3E9-E0BF55BBB303}.Debug|Any CPU.Build.0 = Debug|Any CPU
		{EFDA531C-F3BC-443C-A3E9-E0BF55BBB303}.Release|Any CPU.ActiveCfg = Release|Any CPU
		{EFDA531C-F3BC-443C-A3E9-E0BF55BBB303}.Release|Any CPU.Build.0 = Release|Any CPU
		{22AF8083-DA3A-4452-A206-DE3130A7AC5F}.Debug|Any CPU.ActiveCfg = Debug|Any CPU
		{22AF8083-DA3A-4452-A206-DE3130A7AC5F}.Debug|Any CPU.Build.0 = Debug|Any CPU
		{22AF8083-DA3A-4452-A206-DE3130A7AC5F}.Release|Any CPU.ActiveCfg = Release|Any CPU
		{22AF8083-DA3A-4452-A206-DE3130A7AC5F}.Release|Any CPU.Build.0 = Release|Any CPU
		{478A154B-022E-4901-9C47-37B3685A6FB9}.Debug|Any CPU.ActiveCfg = Debug|Any CPU
		{478A154B-022E-4901-9C47-37B3685A6FB9}.Debug|Any CPU.Build.0 = Debug|Any CPU
		{478A154B-022E-4901-9C47-37B3685A6FB9}.Release|Any CPU.ActiveCfg = Release|Any CPU
		{478A154B-022E-4901-9C47-37B3685A6FB9}.Release|Any CPU.Build.0 = Release|Any CPU
		{15F44CD5-B386-4AFE-88B0-71446969AC80}.Debug|Any CPU.ActiveCfg = Debug|Any CPU
		{15F44CD5-B386-4AFE-88B0-71446969AC80}.Debug|Any CPU.Build.0 = Debug|Any CPU
		{15F44CD5-B386-4AFE-88B0-71446969AC80}.Release|Any CPU.ActiveCfg = Release|Any CPU
		{15F44CD5-B386-4AFE-88B0-71446969AC80}.Release|Any CPU.Build.0 = Release|Any CPU
		{292F1C54-EAD0-490F-BA53-31A0E274AD75}.Debug|Any CPU.ActiveCfg = Debug|Any CPU
		{292F1C54-EAD0-490F-BA53-31A0E274AD75}.Debug|Any CPU.Build.0 = Debug|Any CPU
		{292F1C54-EAD0-490F-BA53-31A0E274AD75}.Release|Any CPU.ActiveCfg = Release|Any CPU
		{292F1C54-EAD0-490F-BA53-31A0E274AD75}.Release|Any CPU.Build.0 = Release|Any CPU
	EndGlobalSection
	GlobalSection(SolutionProperties) = preSolution
		HideSolutionNode = FALSE
	EndGlobalSection
EndGlobal
